
Microsoft Visual Studio Solution File, Format Version 12.00
# Visual Studio Version 17
VisualStudioVersion = 17.0.31611.283
MinimumVisualStudioVersion = 10.0.40219.1
Project("{9A19103F-16F7-4668-BE54-9A1E7A4F7556}") = "Contacts.Maui", "Contacts.Maui\Contacts.Maui.csproj", "{ED0ABB2B-7BDB-4CE5-8833-AA1C84CD4510}"
EndProject
Project("{9A19103F-16F7-4668-BE54-9A1E7A4F7556}") = "Contacts.CoreBusines", "Contacts.CoreBusines\Contacts.CoreBusines.csproj", "{A3EA67E6-7CDF-4DBA-9FEC-1B7E458C4D1F}"
EndProject
Project("{9A19103F-16F7-4668-BE54-9A1E7A4F7556}") = "Contacts.UseCases", "Contacts.UseCases\Contacts.UseCases.csproj", "{F3589675-FE80-4B82-9BC8-BA84BAE90F70}"
EndProject
Project("{2150E333-8FDC-42A3-9474-1A3956D46DE8}") = "Plugins", "Plugins", "{B65E80CB-816B-4DC6-8D61-0D35C9C1BF1F}"
EndProject
Project("{9A19103F-16F7-4668-BE54-9A1E7A4F7556}") = "Contacts.Plugins.DataStore.InMemory", "Plugins\Contacts.Plugins.DataStore.InMemory\Contacts.Plugins.DataStore.InMemory.csproj", "{DE67FEC2-07A5-4188-AB8F-114304F076EB}"
EndProject
Global
	GlobalSection(SolutionConfigurationPlatforms) = preSolution
		Debug|Any CPU = Debug|Any CPU
		Release|Any CPU = Release|Any CPU
	EndGlobalSection
	GlobalSection(ProjectConfigurationPlatforms) = postSolution
		{ED0ABB2B-7BDB-4CE5-8833-AA1C84CD4510}.Debug|Any CPU.ActiveCfg = Debug|Any CPU
		{ED0ABB2B-7BDB-4CE5-8833-AA1C84CD4510}.Debug|Any CPU.Build.0 = Debug|Any CPU
		{ED0ABB2B-7BDB-4CE5-8833-AA1C84CD4510}.Debug|Any CPU.Deploy.0 = Debug|Any CPU
		{ED0ABB2B-7BDB-4CE5-8833-AA1C84CD4510}.Release|Any CPU.ActiveCfg = Release|Any CPU
		{ED0ABB2B-7BDB-4CE5-8833-AA1C84CD4510}.Release|Any CPU.Build.0 = Release|Any CPU
		{ED0ABB2B-7BDB-4CE5-8833-AA1C84CD4510}.Release|Any CPU.Deploy.0 = Release|Any CPU
		{A3EA67E6-7CDF-4DBA-9FEC-1B7E458C4D1F}.Debug|Any CPU.ActiveCfg = Debug|Any CPU
		{A3EA67E6-7CDF-4DBA-9FEC-1B7E458C4D1F}.Debug|Any CPU.Build.0 = Debug|Any CPU
		{A3EA67E6-7CDF-4DBA-9FEC-1B7E458C4D1F}.Release|Any CPU.ActiveCfg = Release|Any CPU
		{A3EA67E6-7CDF-4DBA-9FEC-1B7E458C4D1F}.Release|Any CPU.Build.0 = Release|Any CPU
		{F3589675-FE80-4B82-9BC8-BA84BAE90F70}.Debug|Any CPU.ActiveCfg = Debug|Any CPU
		{F3589675-FE80-4B82-9BC8-BA84BAE90F70}.Debug|Any CPU.Build.0 = Debug|Any CPU
		{F3589675-FE80-4B82-9BC8-BA84BAE90F70}.Release|Any CPU.ActiveCfg = Release|Any CPU
		{F3589675-FE80-4B82-9BC8-BA84BAE90F70}.Release|Any CPU.Build.0 = Release|Any CPU
		{DE67FEC2-07A5-4188-AB8F-114304F076EB}.Debug|Any CPU.ActiveCfg = Debug|Any CPU
		{DE67FEC2-07A5-4188-AB8F-114304F076EB}.Debug|Any CPU.Build.0 = Debug|Any CPU
		{DE67FEC2-07A5-4188-AB8F-114304F076EB}.Release|Any CPU.ActiveCfg = Release|Any CPU
		{DE67FEC2-07A5-4188-AB8F-114304F076EB}.Release|Any CPU.Build.0 = Release|Any CPU
	EndGlobalSection
	GlobalSection(SolutionProperties) = preSolution
		HideSolutionNode = FALSE
	EndGlobalSection
	GlobalSection(NestedProjects) = preSolution
		{DE67FEC2-07A5-4188-AB8F-114304F076EB} = {B65E80CB-816B-4DC6-8D61-0D35C9C1BF1F}
	EndGlobalSection
	GlobalSection(ExtensibilityGlobals) = postSolution
		SolutionGuid = {61F7FB11-1E47-470C-91E2-47F8143E1572}
	EndGlobalSection
EndGlobal
